
Microsoft Visual Studio Solution File, Format Version 12.00
# Visual Studio Version 17
VisualStudioVersion = 17.4.33122.133
MinimumVisualStudioVersion = 10.0.40219.1
Project("{FAE04EC0-301F-11D3-BF4B-00C04F79EFBC}") = "ATM", "ATM\ATM.csproj", "{34AB5A14-5CE3-4A60-B21F-03C541058BEA}"
EndProject
Global
	GlobalSection(SolutionConfigurationPlatforms) = preSolution
		Debug|Any CPU = Debug|Any CPU
		Release|Any CPU = Release|Any CPU
	EndGlobalSection
	GlobalSection(ProjectConfigurationPlatforms) = postSolution
		{34AB5A14-5CE3-4A60-B21F-03C541058BEA}.Debug|Any CPU.ActiveCfg = Debug|Any CPU
		{34AB5A14-5CE3-4A60-B21F-03C541058BEA}.Debug|Any CPU.Build.0 = Debug|Any CPU
		{34AB5A14-5CE3-4A60-B21F-03C541058BEA}.Release|Any CPU.ActiveCfg = Release|Any CPU
		{34AB5A14-5CE3-4A60-B21F-03C541058BEA}.Release|Any CPU.Build.0 = Release|Any CPU
	EndGlobalSection
	GlobalSection(SolutionProperties) = preSolution
		HideSolutionNode = FALSE
	EndGlobalSection
	GlobalSection(ExtensibilityGlobals) = postSolution
		SolutionGuid = {741C301E-3CBD-45A9-B2B6-7DAC68F76838}
	EndGlobalSection
EndGlobal
